
Microsoft Visual Studio Solution File, Format Version 12.00
# Visual Studio Version 17
VisualStudioVersion = 17.0.32002.185
MinimumVisualStudioVersion = 10.0.40219.1
Project("{FAE04EC0-301F-11D3-BF4B-00C04F79EFBC}") = "ENTRADA_DE_CÓDIGO", "ENTRADA_DE_CÓDIGO\ENTRADA_DE_CÓDIGO.csproj", "{A2926ED4-21EA-4B50-9E5E-04E5CB336E83}"
EndProject
Global
	GlobalSection(SolutionConfigurationPlatforms) = preSolution
		Debug|Any CPU = Debug|Any CPU
		Release|Any CPU = Release|Any CPU
	EndGlobalSection
	GlobalSection(ProjectConfigurationPlatforms) = postSolution
		{A2926ED4-21EA-4B50-9E5E-04E5CB336E83}.Debug|Any CPU.ActiveCfg = Debug|Any CPU
		{A2926ED4-21EA-4B50-9E5E-04E5CB336E83}.Debug|Any CPU.Build.0 = Debug|Any CPU
		{A2926ED4-21EA-4B50-9E5E-04E5CB336E83}.Release|Any CPU.ActiveCfg = Release|Any CPU
		{A2926ED4-21EA-4B50-9E5E-04E5CB336E83}.Release|Any CPU.Build.0 = Release|Any CPU
	EndGlobalSection
	GlobalSection(SolutionProperties) = preSolution
		HideSolutionNode = FALSE
	EndGlobalSection
	GlobalSection(ExtensibilityGlobals) = postSolution
		SolutionGuid = {5A32E882-1D2A-49D8-9852-EB6ED8E4C8BC}
	EndGlobalSection
EndGlobal
